// !$*UTF8*$!
{
	archiveVersion = 1;
	classes = {
	};
	objectVersion = 56;
	objects = {

/* Begin PBXBuildFile section */
		B508A77729805058003F1201 /* AppDelegate.swift in Sources */ = {isa = PBXBuildFile; fileRef = B508A77629805058003F1201 /* AppDelegate.swift */; };
		B508A77929805058003F1201 /* ContentView.swift in Sources */ = {isa = PBXBuildFile; fileRef = B508A77829805058003F1201 /* ContentView.swift */; };
		B508A77B29805058003F1201 /* Experience.rcproject in Sources */ = {isa = PBXBuildFile; fileRef = B508A77A29805058003F1201 /* Experience.rcproject */; };
		B508A77D29805058003F1201 /* Assets.xcassets in Resources */ = {isa = PBXBuildFile; fileRef = B508A77C29805058003F1201 /* Assets.xcassets */; };
		B508A78029805058003F1201 /* Preview Assets.xcassets in Resources */ = {isa = PBXBuildFile; fileRef = B508A77F29805058003F1201 /* Preview Assets.xcassets */; };
		B508A78A29805058003F1201 /* mobileTeamARProjTests.swift in Sources */ = {isa = PBXBuildFile; fileRef = B508A78929805058003F1201 /* mobileTeamARProjTests.swift */; };
		B508A79429805058003F1201 /* mobileTeamARProjUITests.swift in Sources */ = {isa = PBXBuildFile; fileRef = B508A79329805058003F1201 /* mobileTeamARProjUITests.swift */; };
		B508A79629805058003F1201 /* mobileTeamARProjUITestsLaunchTests.swift in Sources */ = {isa = PBXBuildFile; fileRef = B508A79529805058003F1201 /* mobileTeamARProjUITestsLaunchTests.swift */; };
/* End PBXBuildFile section */

/* Begin PBXContainerItemProxy section */
		B508A78629805058003F1201 /* PBXContainerItemProxy */ = {
			isa = PBXContainerItemProxy;
			containerPortal = B508A76B29805057003F1201 /* Project object */;
			proxyType = 1;
			remoteGlobalIDString = B508A77229805058003F1201;
			remoteInfo = mobileTeamARProj;
		};
		B508A79029805058003F1201 /* PBXContainerItemProxy */ = {
			isa = PBXContainerItemProxy;
			containerPortal = B508A76B29805057003F1201 /* Project object */;
			proxyType = 1;
			remoteGlobalIDString = B508A77229805058003F1201;
			remoteInfo = mobileTeamARProj;
		};
/* End PBXContainerItemProxy section */

/* Begin PBXFileReference section */
		B508A77329805058003F1201 /* mobileTeamARProj.app */ = {isa = PBXFileReference; explicitFileType = wrapper.application; includeInIndex = 0; path = mobileTeamARProj.app; sourceTree = BUILT_PRODUCTS_DIR; };
		B508A77629805058003F1201 /* AppDelegate.swift */ = {isa = PBXFileReference; lastKnownFileType = sourcecode.swift; path = AppDelegate.swift; sourceTree = "<group>"; };
		B508A77829805058003F1201 /* ContentView.swift */ = {isa = PBXFileReference; lastKnownFileType = sourcecode.swift; path = ContentView.swift; sourceTree = "<group>"; };
		B508A77A29805058003F1201 /* Experience.rcproject */ = {isa = PBXFileReference; lastKnownFileType = file.rcproject; path = Experience.rcproject; sourceTree = "<group>"; };
		B508A77C29805058003F1201 /* Assets.xcassets */ = {isa = PBXFileReference; lastKnownFileType = folder.assetcatalog; path = Assets.xcassets; sourceTree = "<group>"; };
		B508A77F29805058003F1201 /* Preview Assets.xcassets */ = {isa = PBXFileReference; lastKnownFileType = folder.assetcatalog; path = "Preview Assets.xcassets"; sourceTree = "<group>"; };
		B508A78529805058003F1201 /* mobileTeamARProjTests.xctest */ = {isa = PBXFileReference; explicitFileType = wrapper.cfbundle; includeInIndex = 0; path = mobileTeamARProjTests.xctest; sourceTree = BUILT_PRODUCTS_DIR; };
		B508A78929805058003F1201 /* mobileTeamARProjTests.swift */ = {isa = PBXFileReference; lastKnownFileType = sourcecode.swift; path = mobileTeamARProjTests.swift; sourceTree = "<group>"; };
		B508A78F29805058003F1201 /* mobileTeamARProjUITests.xctest */ = {isa = PBXFileReference; explicitFileType = wrapper.cfbundle; includeInIndex = 0; path = mobileTeamARProjUITests.xctest; sourceTree = BUILT_PRODUCTS_DIR; };
		B508A79329805058003F1201 /* mobileTeamARProjUITests.swift */ = {isa = PBXFileReference; lastKnownFileType = sourcecode.swift; path = mobileTeamARProjUITests.swift; sourceTree = "<group>"; };
		B508A79529805058003F1201 /* mobileTeamARProjUITestsLaunchTests.swift */ = {isa = PBXFileReference; lastKnownFileType = sourcecode.swift; path = mobileTeamARProjUITestsLaunchTests.swift; sourceTree = "<group>"; };
/* End PBXFileReference section */

/* Begin PBXFrameworksBuildPhase section */
		B508A77029805058003F1201 /* Frameworks */ = {
			isa = PBXFrameworksBuildPhase;
			buildActionMask = 2147483647;
			files = (
			);
			runOnlyForDeploymentPostprocessing = 0;
		};
		B508A78229805058003F1201 /* Frameworks */ = {
			isa = PBXFrameworksBuildPhase;
			buildActionMask = 2147483647;
			files = (
			);
			runOnlyForDeploymentPostprocessing = 0;
		};
		B508A78C29805058003F1201 /* Frameworks */ = {
			isa = PBXFrameworksBuildPhase;
			buildActionMask = 2147483647;
			files = (
			);
			runOnlyForDeploymentPostprocessing = 0;
		};
/* End PBXFrameworksBuildPhase section */

/* Begin PBXGroup section */
		B508A76A29805057003F1201 = {
			isa = PBXGroup;
			children = (
				B508A77529805058003F1201 /* mobileTeamARProj */,
				B508A78829805058003F1201 /* mobileTeamARProjTests */,
				B508A79229805058003F1201 /* mobileTeamARProjUITests */,
				B508A77429805058003F1201 /* Products */,
			);
			sourceTree = "<group>";
		};
		B508A77429805058003F1201 /* Products */ = {
			isa = PBXGroup;
			children = (
				B508A77329805058003F1201 /* mobileTeamARProj.app */,
				B508A78529805058003F1201 /* mobileTeamARProjTests.xctest */,
				B508A78F29805058003F1201 /* mobileTeamARProjUITests.xctest */,
			);
			name = Products;
			sourceTree = "<group>";
		};
		B508A77529805058003F1201 /* mobileTeamARProj */ = {
			isa = PBXGroup;
			children = (
				B508A77629805058003F1201 /* AppDelegate.swift */,
				B508A77829805058003F1201 /* ContentView.swift */,
				B508A77A29805058003F1201 /* Experience.rcproject */,
				B508A77C29805058003F1201 /* Assets.xcassets */,
				B508A77E29805058003F1201 /* Preview Content */,
			);
			path = mobileTeamARProj;
			sourceTree = "<group>";
		};
		B508A77E29805058003F1201 /* Preview Content */ = {
			isa = PBXGroup;
			children = (
				B508A77F29805058003F1201 /* Preview Assets.xcassets */,
			);
			path = "Preview Content";
			sourceTree = "<group>";
		};
		B508A78829805058003F1201 /* mobileTeamARProjTests */ = {
			isa = PBXGroup;
			children = (
				B508A78929805058003F1201 /* mobileTeamARProjTests.swift */,
			);
			path = mobileTeamARProjTests;
			sourceTree = "<group>";
		};
		B508A79229805058003F1201 /* mobileTeamARProjUITests */ = {
			isa = PBXGroup;
			children = (
				B508A79329805058003F1201 /* mobileTeamARProjUITests.swift */,
				B508A79529805058003F1201 /* mobileTeamARProjUITestsLaunchTests.swift */,
			);
			path = mobileTeamARProjUITests;
			sourceTree = "<group>";
		};
/* End PBXGroup section */

/* Begin PBXNativeTarget section */
		B508A77229805058003F1201 /* mobileTeamARProj */ = {
			isa = PBXNativeTarget;
			buildConfigurationList = B508A79929805058003F1201 /* Build configuration list for PBXNativeTarget "mobileTeamARProj" */;
			buildPhases = (
				B508A76F29805058003F1201 /* Sources */,
				B508A77029805058003F1201 /* Frameworks */,
				B508A77129805058003F1201 /* Resources */,
			);
			buildRules = (
			);
			dependencies = (
			);
			name = mobileTeamARProj;
			productName = mobileTeamARProj;
			productReference = B508A77329805058003F1201 /* mobileTeamARProj.app */;
			productType = "com.apple.product-type.application";
		};
		B508A78429805058003F1201 /* mobileTeamARProjTests */ = {
			isa = PBXNativeTarget;
			buildConfigurationList = B508A79C29805058003F1201 /* Build configuration list for PBXNativeTarget "mobileTeamARProjTests" */;
			buildPhases = (
				B508A78129805058003F1201 /* Sources */,
				B508A78229805058003F1201 /* Frameworks */,
				B508A78329805058003F1201 /* Resources */,
			);
			buildRules = (
			);
			dependencies = (
				B508A78729805058003F1201 /* PBXTargetDependency */,
			);
			name = mobileTeamARProjTests;
			productName = mobileTeamARProjTests;
			productReference = B508A78529805058003F1201 /* mobileTeamARProjTests.xctest */;
			productType = "com.apple.product-type.bundle.unit-test";
		};
		B508A78E29805058003F1201 /* mobileTeamARProjUITests */ = {
			isa = PBXNativeTarget;
			buildConfigurationList = B508A79F29805058003F1201 /* Build configuration list for PBXNativeTarget "mobileTeamARProjUITests" */;
			buildPhases = (
				B508A78B29805058003F1201 /* Sources */,
				B508A78C29805058003F1201 /* Frameworks */,
				B508A78D29805058003F1201 /* Resources */,
			);
			buildRules = (
			);
			dependencies = (
				B508A79129805058003F1201 /* PBXTargetDependency */,
			);
			name = mobileTeamARProjUITests;
			productName = mobileTeamARProjUITests;
			productReference = B508A78F29805058003F1201 /* mobileTeamARProjUITests.xctest */;
			productType = "com.apple.product-type.bundle.ui-testing";
		};
/* End PBXNativeTarget section */

/* Begin PBXProject section */
		B508A76B29805057003F1201 /* Project object */ = {
			isa = PBXProject;
			attributes = {
				BuildIndependentTargetsInParallel = 1;
				LastSwiftUpdateCheck = 1420;
				LastUpgradeCheck = 1420;
				TargetAttributes = {
					B508A77229805058003F1201 = {
						CreatedOnToolsVersion = 14.2;
					};
					B508A78429805058003F1201 = {
						CreatedOnToolsVersion = 14.2;
						TestTargetID = B508A77229805058003F1201;
					};
					B508A78E29805058003F1201 = {
						CreatedOnToolsVersion = 14.2;
						TestTargetID = B508A77229805058003F1201;
					};
				};
			};
			buildConfigurationList = B508A76E29805057003F1201 /* Build configuration list for PBXProject "mobileTeamARProj" */;
			compatibilityVersion = "Xcode 14.0";
			developmentRegion = en;
			hasScannedForEncodings = 0;
			knownRegions = (
				en,
				Base,
			);
			mainGroup = B508A76A29805057003F1201;
			productRefGroup = B508A77429805058003F1201 /* Products */;
			projectDirPath = "";
			projectRoot = "";
			targets = (
				B508A77229805058003F1201 /* mobileTeamARProj */,
				B508A78429805058003F1201 /* mobileTeamARProjTests */,
				B508A78E29805058003F1201 /* mobileTeamARProjUITests */,
			);
		};
/* End PBXProject section */

/* Begin PBXResourcesBuildPhase section */
		B508A77129805058003F1201 /* Resources */ = {
			isa = PBXResourcesBuildPhase;
			buildActionMask = 2147483647;
			files = (
				B508A78029805058003F1201 /* Preview Assets.xcassets in Resources */,
				B508A77D29805058003F1201 /* Assets.xcassets in Resources */,
			);
			runOnlyForDeploymentPostprocessing = 0;
		};
		B508A78329805058003F1201 /* Resources */ = {
			isa = PBXResourcesBuildPhase;
			buildActionMask = 2147483647;
			files = (
			);
			runOnlyForDeploymentPostprocessing = 0;
		};
		B508A78D29805058003F1201 /* Resources */ = {
			isa = PBXResourcesBuildPhase;
			buildActionMask = 2147483647;
			files = (
			);
			runOnlyForDeploymentPostprocessing = 0;
		};
/* End PBXResourcesBuildPhase section */

/* Begin PBXSourcesBuildPhase section */
		B508A76F29805058003F1201 /* Sources */ = {
			isa = PBXSourcesBuildPhase;
			buildActionMask = 2147483647;
			files = (
				B508A77929805058003F1201 /* ContentView.swift in Sources */,
				B508A77729805058003F1201 /* AppDelegate.swift in Sources */,
				B508A77B29805058003F1201 /* Experience.rcproject in Sources */,
			);
			runOnlyForDeploymentPostprocessing = 0;
		};
		B508A78129805058003F1201 /* Sources */ = {
			isa = PBXSourcesBuildPhase;
			buildActionMask = 2147483647;
			files = (
				B508A78A29805058003F1201 /* mobileTeamARProjTests.swift in Sources */,
			);
			runOnlyForDeploymentPostprocessing = 0;
		};
		B508A78B29805058003F1201 /* Sources */ = {
			isa = PBXSourcesBuildPhase;
			buildActionMask = 2147483647;
			files = (
				B508A79429805058003F1201 /* mobileTeamARProjUITests.swift in Sources */,
				B508A79629805058003F1201 /* mobileTeamARProjUITestsLaunchTests.swift in Sources */,
			);
			runOnlyForDeploymentPostprocessing = 0;
		};
/* End PBXSourcesBuildPhase section */

/* Begin PBXTargetDependency section */
		B508A78729805058003F1201 /* PBXTargetDependency */ = {
			isa = PBXTargetDependency;
			target = B508A77229805058003F1201 /* mobileTeamARProj */;
			targetProxy = B508A78629805058003F1201 /* PBXContainerItemProxy */;
		};
		B508A79129805058003F1201 /* PBXTargetDependency */ = {
			isa = PBXTargetDependency;
			target = B508A77229805058003F1201 /* mobileTeamARProj */;
			targetProxy = B508A79029805058003F1201 /* PBXContainerItemProxy */;
		};
/* End PBXTargetDependency section */

/* Begin XCBuildConfiguration section */
		B508A79729805058003F1201 /* DEBUG */ = {
			isa = XCBuildConfiguration;
			buildSettings = {
				ALWAYS_SEARCH_USER_PATHS = NO;
				CLANG_ANALYZER_NONNULL = YES;
				CLANG_ANALYZER_NUMBER_OBJECT_CONVERSION = YES_AGGRESSIVE;
				CLANG_CXX_LANGUAGE_STANDARD = "gnu++20";
				CLANG_ENABLE_MODULES = YES;
				CLANG_ENABLE_OBJC_ARC = YES;
				CLANG_ENABLE_OBJC_WEAK = YES;
				CLANG_WARN_BLOCK_CAPTURE_AUTORELEASING = YES;
				CLANG_WARN_BOOL_CONVERSION = YES;
				CLANG_WARN_COMMA = YES;
				CLANG_WARN_CONSTANT_CONVERSION = YES;
				CLANG_WARN_DEPRECATED_OBJC_IMPLEMENTATIONS = YES;
				CLANG_WARN_DIRECT_OBJC_ISA_USAGE = YES_ERROR;
				CLANG_WARN_DOCUMENTATION_COMMENTS = YES;
				CLANG_WARN_EMPTY_BODY = YES;
				CLANG_WARN_ENUM_CONVERSION = YES;
				CLANG_WARN_INFINITE_RECURSION = YES;
				CLANG_WARN_INT_CONVERSION = YES;
				CLANG_WARN_NON_LITERAL_NULL_CONVERSION = YES;
				CLANG_WARN_OBJC_IMPLICIT_RETAIN_SELF = YES;
				CLANG_WARN_OBJC_LITERAL_CONVERSION = YES;
				CLANG_WARN_OBJC_ROOT_CLASS = YES_ERROR;
				CLANG_WARN_QUOTED_INCLUDE_IN_FRAMEWORK_HEADER = YES;
				CLANG_WARN_RANGE_LOOP_ANALYSIS = YES;
				CLANG_WARN_STRICT_PROTOTYPES = YES;
				CLANG_WARN_SUSPICIOUS_MOVE = YES;
				CLANG_WARN_UNGUARDED_AVAILABILITY = YES_AGGRESSIVE;
				CLANG_WARN_UNREACHABLE_CODE = YES;
				CLANG_WARN__DUPLICATE_METHOD_MATCH = YES;
				COPY_PHASE_STRIP = NO;
				DEBUG_INFORMATION_FORMAT = dwarf;
				ENABLE_STRICT_OBJC_MSGSEND = YES;
				ENABLE_TESTABILITY = YES;
				GCC_C_LANGUAGE_STANDARD = gnu11;
				GCC_DYNAMIC_NO_PIC = NO;
				GCC_NO_COMMON_BLOCKS = YES;
				GCC_OPTIMIZATION_LEVEL = 0;
				GCC_PREPROCESSOR_DEFINITIONS = (
					"DEBUG=1",
					"$(inherited)",
				);
				GCC_WARN_64_TO_32_BIT_CONVERSION = YES;
				GCC_WARN_ABOUT_RETURN_TYPE = YES_ERROR;
				GCC_WARN_UNDECLARED_SELECTOR = YES;
				GCC_WARN_UNINITIALIZED_AUTOS = YES_AGGRESSIVE;
				GCC_WARN_UNUSED_FUNCTION = YES;
				GCC_WARN_UNUSED_VARIABLE = YES;
				IPHONEOS_DEPLOYMENT_TARGET = 16.2;
				MTL_ENABLE_DEBUG_INFO = INCLUDE_SOURCE;
				MTL_FAST_MATH = YES;
				ONLY_ACTIVE_ARCH = YES;
				SDKROOT = iphoneos;
				SWIFT_ACTIVE_COMPILATION_CONDITIONS = DEBUG;
				SWIFT_OPTIMIZATION_LEVEL = "-Onone";
			};
			name = DEBUG;
		};
		B508A79829805058003F1201 /* RELEASE */ = {
			isa = XCBuildConfiguration;
			buildSettings = {
				ALWAYS_SEARCH_USER_PATHS = NO;
				CLANG_ANALYZER_NONNULL = YES;
				CLANG_ANALYZER_NUMBER_OBJECT_CONVERSION = YES_AGGRESSIVE;
				CLANG_CXX_LANGUAGE_STANDARD = "gnu++20";
				CLANG_ENABLE_MODULES = YES;
				CLANG_ENABLE_OBJC_ARC = YES;
				CLANG_ENABLE_OBJC_WEAK = YES;
				CLANG_WARN_BLOCK_CAPTURE_AUTORELEASING = YES;
				CLANG_WARN_BOOL_CONVERSION = YES;
				CLANG_WARN_COMMA = YES;
				CLANG_WARN_CONSTANT_CONVERSION = YES;
				CLANG_WARN_DEPRECATED_OBJC_IMPLEMENTATIONS = YES;
				CLANG_WARN_DIRECT_OBJC_ISA_USAGE = YES_ERROR;
				CLANG_WARN_DOCUMENTATION_COMMENTS = YES;
				CLANG_WARN_EMPTY_BODY = YES;
				CLANG_WARN_ENUM_CONVERSION = YES;
				CLANG_WARN_INFINITE_RECURSION = YES;
				CLANG_WARN_INT_CONVERSION = YES;
				CLANG_WARN_NON_LITERAL_NULL_CONVERSION = YES;
				CLANG_WARN_OBJC_IMPLICIT_RETAIN_SELF = YES;
				CLANG_WARN_OBJC_LITERAL_CONVERSION = YES;
				CLANG_WARN_OBJC_ROOT_CLASS = YES_ERROR;
				CLANG_WARN_QUOTED_INCLUDE_IN_FRAMEWORK_HEADER = YES;
				CLANG_WARN_RANGE_LOOP_ANALYSIS = YES;
				CLANG_WARN_STRICT_PROTOTYPES = YES;
				CLANG_WARN_SUSPICIOUS_MOVE = YES;
				CLANG_WARN_UNGUARDED_AVAILABILITY = YES_AGGRESSIVE;
				CLANG_WARN_UNREACHABLE_CODE = YES;
				CLANG_WARN__DUPLICATE_METHOD_MATCH = YES;
				COPY_PHASE_STRIP = NO;
				DEBUG_INFORMATION_FORMAT = "dwarf-with-dsym";
				ENABLE_NS_ASSERTIONS = NO;
				ENABLE_STRICT_OBJC_MSGSEND = YES;
				GCC_C_LANGUAGE_STANDARD = gnu11;
				GCC_NO_COMMON_BLOCKS = YES;
				GCC_WARN_64_TO_32_BIT_CONVERSION = YES;
				GCC_WARN_ABOUT_RETURN_TYPE = YES_ERROR;
				GCC_WARN_UNDECLARED_SELECTOR = YES;
				GCC_WARN_UNINITIALIZED_AUTOS = YES_AGGRESSIVE;
				GCC_WARN_UNUSED_FUNCTION = YES;
				GCC_WARN_UNUSED_VARIABLE = YES;
				IPHONEOS_DEPLOYMENT_TARGET = 16.2;
				MTL_ENABLE_DEBUG_INFO = NO;
				MTL_FAST_MATH = YES;
				SDKROOT = iphoneos;
				SWIFT_COMPILATION_MODE = wholemodule;
				SWIFT_OPTIMIZATION_LEVEL = "-O";
				VALIDATE_PRODUCT = YES;
			};
			name = RELEASE;
		};
		B508A79A29805058003F1201 /* DEBUG */ = {
			isa = XCBuildConfiguration;
			buildSettings = {
				ASSETCATALOG_COMPILER_APPICON_NAME = AppIcon;
				ASSETCATALOG_COMPILER_GLOBAL_ACCENT_COLOR_NAME = AccentColor;
				CODE_SIGN_STYLE = Automatic;
				CURRENT_PROJECT_VERSION = 1;
				DEVELOPMENT_ASSET_PATHS = "\"mobileTeamARProj/Preview Content\"";
				DEVELOPMENT_TEAM = 69KX9932N3;
				ENABLE_PREVIEWS = YES;
				GENERATE_INFOPLIST_FILE = YES;
				INFOPLIST_KEY_NSCameraUsageDescription = "";
				INFOPLIST_KEY_UIApplicationSupportsIndirectInputEvents = YES;
				INFOPLIST_KEY_UILaunchScreen_Generation = YES;
				INFOPLIST_KEY_UIRequiredDeviceCapabilities = arkit;
				INFOPLIST_KEY_UIStatusBarHidden = YES;
				INFOPLIST_KEY_UISupportedInterfaceOrientations_iPad = "UIInterfaceOrientationPortrait UIInterfaceOrientationPortraitUpsideDown UIInterfaceOrientationLandscapeLeft UIInterfaceOrientationLandscapeRight";
				INFOPLIST_KEY_UISupportedInterfaceOrientations_iPhone = "UIInterfaceOrientationPortrait UIInterfaceOrientationLandscapeLeft UIInterfaceOrientationLandscapeRight";
				LD_RUNPATH_SEARCH_PATHS = (
					"$(inherited)",
					"@executable_path/Frameworks",
				);
				MARKETING_VERSION = 1.0;
				PRODUCT_BUNDLE_IDENTIFIER = com.MobileTeam.mobileTeamARProj;
				PRODUCT_NAME = "$(TARGET_NAME)";
				SWIFT_EMIT_LOC_STRINGS = YES;
				SWIFT_VERSION = 5.0;
				TARGETED_DEVICE_FAMILY = "1,2";
			};
			name = DEBUG;
		};
		B508A79B29805058003F1201 /* RELEASE */ = {
			isa = XCBuildConfiguration;
			buildSettings = {
				ASSETCATALOG_COMPILER_APPICON_NAME = AppIcon;
				ASSETCATALOG_COMPILER_GLOBAL_ACCENT_COLOR_NAME = AccentColor;
				CODE_SIGN_STYLE = Automatic;
				CURRENT_PROJECT_VERSION = 1;
				DEVELOPMENT_ASSET_PATHS = "\"mobileTeamARProj/Preview Content\"";
				DEVELOPMENT_TEAM = 69KX9932N3;
				ENABLE_PREVIEWS = YES;
				GENERATE_INFOPLIST_FILE = YES;
				INFOPLIST_KEY_NSCameraUsageDescription = "";
				INFOPLIST_KEY_UIApplicationSupportsIndirectInputEvents = YES;
				INFOPLIST_KEY_UILaunchScreen_Generation = YES;
				INFOPLIST_KEY_UIRequiredDeviceCapabilities = arkit;
				INFOPLIST_KEY_UIStatusBarHidden = YES;
				INFOPLIST_KEY_UISupportedInterfaceOrientations_iPad = "UIInterfaceOrientationPortrait UIInterfaceOrientationPortraitUpsideDown UIInterfaceOrientationLandscapeLeft UIInterfaceOrientationLandscapeRight";
				INFOPLIST_KEY_UISupportedInterfaceOrientations_iPhone = "UIInterfaceOrientationPortrait UIInterfaceOrientationLandscapeLeft UIInterfaceOrientationLandscapeRight";
				LD_RUNPATH_SEARCH_PATHS = (
					"$(inherited)",
					"@executable_path/Frameworks",
				);
				MARKETING_VERSION = 1.0;
				PRODUCT_BUNDLE_IDENTIFIER = com.MobileTeam.mobileTeamARProj;
				PRODUCT_NAME = "$(TARGET_NAME)";
				SWIFT_ACTIVE_COMPILATION_CONDITIONS = PROD;
				SWIFT_EMIT_LOC_STRINGS = YES;
				SWIFT_VERSION = 5.0;
				TARGETED_DEVICE_FAMILY = "1,2";
			};
			name = RELEASE;
		};
		B508A79D29805058003F1201 /* DEBUG */ = {
			isa = XCBuildConfiguration;
			buildSettings = {
				ALWAYS_EMBED_SWIFT_STANDARD_LIBRARIES = YES;
				BUNDLE_LOADER = "$(TEST_HOST)";
				CODE_SIGN_STYLE = Automatic;
				CURRENT_PROJECT_VERSION = 1;
				DEVELOPMENT_TEAM = 69KX9932N3;
				GENERATE_INFOPLIST_FILE = YES;
				IPHONEOS_DEPLOYMENT_TARGET = 16.2;
				MARKETING_VERSION = 1.0;
				PRODUCT_BUNDLE_IDENTIFIER = com.MobileTeam.mobileTeamARProjTests;
				PRODUCT_NAME = "$(TARGET_NAME)";
				SWIFT_EMIT_LOC_STRINGS = NO;
				SWIFT_VERSION = 5.0;
				TARGETED_DEVICE_FAMILY = "1,2";
				TEST_HOST = "$(BUILT_PRODUCTS_DIR)/mobileTeamARProj.app/$(BUNDLE_EXECUTABLE_FOLDER_PATH)/mobileTeamARProj";
			};
			name = DEBUG;
		};
		B508A79E29805058003F1201 /* RELEASE */ = {
			isa = XCBuildConfiguration;
			buildSettings = {
				ALWAYS_EMBED_SWIFT_STANDARD_LIBRARIES = YES;
				BUNDLE_LOADER = "$(TEST_HOST)";
				CODE_SIGN_STYLE = Automatic;
				CURRENT_PROJECT_VERSION = 1;
				DEVELOPMENT_TEAM = 69KX9932N3;
				GENERATE_INFOPLIST_FILE = YES;
				IPHONEOS_DEPLOYMENT_TARGET = 16.2;
				MARKETING_VERSION = 1.0;
				PRODUCT_BUNDLE_IDENTIFIER = com.MobileTeam.mobileTeamARProjTests;
				PRODUCT_NAME = "$(TARGET_NAME)";
				SWIFT_EMIT_LOC_STRINGS = NO;
				SWIFT_VERSION = 5.0;
				TARGETED_DEVICE_FAMILY = "1,2";
				TEST_HOST = "$(BUILT_PRODUCTS_DIR)/mobileTeamARProj.app/$(BUNDLE_EXECUTABLE_FOLDER_PATH)/mobileTeamARProj";
			};
			name = RELEASE;
		};
		B508A7A029805058003F1201 /* DEBUG */ = {
			isa = XCBuildConfiguration;
			buildSettings = {
				ALWAYS_EMBED_SWIFT_STANDARD_LIBRARIES = YES;
				CODE_SIGN_STYLE = Automatic;
				CURRENT_PROJECT_VERSION = 1;
				DEVELOPMENT_TEAM = 69KX9932N3;
				GENERATE_INFOPLIST_FILE = YES;
				MARKETING_VERSION = 1.0;
				PRODUCT_BUNDLE_IDENTIFIER = com.MobileTeam.mobileTeamARProjUITests;
				PRODUCT_NAME = "$(TARGET_NAME)";
				SWIFT_EMIT_LOC_STRINGS = NO;
				SWIFT_VERSION = 5.0;
				TARGETED_DEVICE_FAMILY = "1,2";
				TEST_TARGET_NAME = mobileTeamARProj;
			};
			name = DEBUG;
		};
		B508A7A129805058003F1201 /* RELEASE */ = {
			isa = XCBuildConfiguration;
			buildSettings = {
				ALWAYS_EMBED_SWIFT_STANDARD_LIBRARIES = YES;
				CODE_SIGN_STYLE = Automatic;
				CURRENT_PROJECT_VERSION = 1;
				DEVELOPMENT_TEAM = 69KX9932N3;
				GENERATE_INFOPLIST_FILE = YES;
				MARKETING_VERSION = 1.0;
				PRODUCT_BUNDLE_IDENTIFIER = com.MobileTeam.mobileTeamARProjUITests;
				PRODUCT_NAME = "$(TARGET_NAME)";
				SWIFT_EMIT_LOC_STRINGS = NO;
				SWIFT_VERSION = 5.0;
				TARGETED_DEVICE_FAMILY = "1,2";
				TEST_TARGET_NAME = mobileTeamARProj;
			};
			name = RELEASE;
		};
		B508A7A229805459003F1201 /* DEV DEBUG */ = {
			isa = XCBuildConfiguration;
			buildSettings = {
				ALWAYS_SEARCH_USER_PATHS = NO;
				CLANG_ANALYZER_NONNULL = YES;
				CLANG_ANALYZER_NUMBER_OBJECT_CONVERSION = YES_AGGRESSIVE;
				CLANG_CXX_LANGUAGE_STANDARD = "gnu++20";
				CLANG_ENABLE_MODULES = YES;
				CLANG_ENABLE_OBJC_ARC = YES;
				CLANG_ENABLE_OBJC_WEAK = YES;
				CLANG_WARN_BLOCK_CAPTURE_AUTORELEASING = YES;
				CLANG_WARN_BOOL_CONVERSION = YES;
				CLANG_WARN_COMMA = YES;
				CLANG_WARN_CONSTANT_CONVERSION = YES;
				CLANG_WARN_DEPRECATED_OBJC_IMPLEMENTATIONS = YES;
				CLANG_WARN_DIRECT_OBJC_ISA_USAGE = YES_ERROR;
				CLANG_WARN_DOCUMENTATION_COMMENTS = YES;
				CLANG_WARN_EMPTY_BODY = YES;
				CLANG_WARN_ENUM_CONVERSION = YES;
				CLANG_WARN_INFINITE_RECURSION = YES;
				CLANG_WARN_INT_CONVERSION = YES;
				CLANG_WARN_NON_LITERAL_NULL_CONVERSION = YES;
				CLANG_WARN_OBJC_IMPLICIT_RETAIN_SELF = YES;
				CLANG_WARN_OBJC_LITERAL_CONVERSION = YES;
				CLANG_WARN_OBJC_ROOT_CLASS = YES_ERROR;
				CLANG_WARN_QUOTED_INCLUDE_IN_FRAMEWORK_HEADER = YES;
				CLANG_WARN_RANGE_LOOP_ANALYSIS = YES;
				CLANG_WARN_STRICT_PROTOTYPES = YES;
				CLANG_WARN_SUSPICIOUS_MOVE = YES;
				CLANG_WARN_UNGUARDED_AVAILABILITY = YES_AGGRESSIVE;
				CLANG_WARN_UNREACHABLE_CODE = YES;
				CLANG_WARN__DUPLICATE_METHOD_MATCH = YES;
				COPY_PHASE_STRIP = NO;
				DEBUG_INFORMATION_FORMAT = dwarf;
				ENABLE_STRICT_OBJC_MSGSEND = YES;
				ENABLE_TESTABILITY = YES;
				GCC_C_LANGUAGE_STANDARD = gnu11;
				GCC_DYNAMIC_NO_PIC = NO;
				GCC_NO_COMMON_BLOCKS = YES;
				GCC_OPTIMIZATION_LEVEL = 0;
				GCC_PREPROCESSOR_DEFINITIONS = (
					"DEBUG=1",
					"$(inherited)",
				);
				GCC_WARN_64_TO_32_BIT_CONVERSION = YES;
				GCC_WARN_ABOUT_RETURN_TYPE = YES_ERROR;
				GCC_WARN_UNDECLARED_SELECTOR = YES;
				GCC_WARN_UNINITIALIZED_AUTOS = YES_AGGRESSIVE;
				GCC_WARN_UNUSED_FUNCTION = YES;
				GCC_WARN_UNUSED_VARIABLE = YES;
				IPHONEOS_DEPLOYMENT_TARGET = 16.2;
				MTL_ENABLE_DEBUG_INFO = INCLUDE_SOURCE;
				MTL_FAST_MATH = YES;
				ONLY_ACTIVE_ARCH = YES;
				SDKROOT = iphoneos;
				SWIFT_ACTIVE_COMPILATION_CONDITIONS = DEBUG;
				SWIFT_OPTIMIZATION_LEVEL = "-Onone";
			};
			name = "DEV DEBUG";
		};
		B508A7A329805459003F1201 /* DEV DEBUG */ = {
			isa = XCBuildConfiguration;
			buildSettings = {
				ASSETCATALOG_COMPILER_APPICON_NAME = AppIcon;
				ASSETCATALOG_COMPILER_GLOBAL_ACCENT_COLOR_NAME = AccentColor;
				CODE_SIGN_STYLE = Automatic;
				CURRENT_PROJECT_VERSION = 1;
				DEVELOPMENT_ASSET_PATHS = "\"mobileTeamARProj/Preview Content\"";
				DEVELOPMENT_TEAM = 69KX9932N3;
				ENABLE_PREVIEWS = YES;
				GENERATE_INFOPLIST_FILE = YES;
				INFOPLIST_KEY_NSCameraUsageDescription = "";
				INFOPLIST_KEY_UIApplicationSupportsIndirectInputEvents = YES;
				INFOPLIST_KEY_UILaunchScreen_Generation = YES;
				INFOPLIST_KEY_UIRequiredDeviceCapabilities = arkit;
				INFOPLIST_KEY_UIStatusBarHidden = YES;
				INFOPLIST_KEY_UISupportedInterfaceOrientations_iPad = "UIInterfaceOrientationPortrait UIInterfaceOrientationPortraitUpsideDown UIInterfaceOrientationLandscapeLeft UIInterfaceOrientationLandscapeRight";
				INFOPLIST_KEY_UISupportedInterfaceOrientations_iPhone = "UIInterfaceOrientationPortrait UIInterfaceOrientationLandscapeLeft UIInterfaceOrientationLandscapeRight";
				LD_RUNPATH_SEARCH_PATHS = (
					"$(inherited)",
					"@executable_path/Frameworks",
				);
				MARKETING_VERSION = 1.0;
				PRODUCT_BUNDLE_IDENTIFIER = com.MobileTeam.mobileTeamARProj.dev;
				PRODUCT_NAME = "$(TARGET_NAME)";
				SWIFT_ACTIVE_COMPILATION_CONDITIONS = "DEV DEBUG";
				SWIFT_EMIT_LOC_STRINGS = YES;
				SWIFT_VERSION = 5.0;
				TARGETED_DEVICE_FAMILY = "1,2";
			};
			name = "DEV DEBUG";
		};
		B508A7A429805459003F1201 /* DEV DEBUG */ = {
			isa = XCBuildConfiguration;
			buildSettings = {
				ALWAYS_EMBED_SWIFT_STANDARD_LIBRARIES = YES;
				BUNDLE_LOADER = "$(TEST_HOST)";
				CODE_SIGN_STYLE = Automatic;
				CURRENT_PROJECT_VERSION = 1;
				DEVELOPMENT_TEAM = 69KX9932N3;
				GENERATE_INFOPLIST_FILE = YES;
				IPHONEOS_DEPLOYMENT_TARGET = 16.2;
				MARKETING_VERSION = 1.0;
				PRODUCT_BUNDLE_IDENTIFIER = com.MobileTeam.mobileTeamARProjTests;
				PRODUCT_NAME = "$(TARGET_NAME)";
				SWIFT_EMIT_LOC_STRINGS = NO;
				SWIFT_VERSION = 5.0;
				TARGETED_DEVICE_FAMILY = "1,2";
				TEST_HOST = "$(BUILT_PRODUCTS_DIR)/mobileTeamARProj.app/$(BUNDLE_EXECUTABLE_FOLDER_PATH)/mobileTeamARProj";
			};
			name = "DEV DEBUG";
		};
		B508A7A529805459003F1201 /* DEV DEBUG */ = {
			isa = XCBuildConfiguration;
			buildSettings = {
				ALWAYS_EMBED_SWIFT_STANDARD_LIBRARIES = YES;
				CODE_SIGN_STYLE = Automatic;
				CURRENT_PROJECT_VERSION = 1;
				DEVELOPMENT_TEAM = 69KX9932N3;
				GENERATE_INFOPLIST_FILE = YES;
				MARKETING_VERSION = 1.0;
				PRODUCT_BUNDLE_IDENTIFIER = com.MobileTeam.mobileTeamARProjUITests;
				PRODUCT_NAME = "$(TARGET_NAME)";
				SWIFT_EMIT_LOC_STRINGS = NO;
				SWIFT_VERSION = 5.0;
				TARGETED_DEVICE_FAMILY = "1,2";
				TEST_TARGET_NAME = mobileTeamARProj;
			};
			name = "DEV DEBUG";
		};
		B508A7A629805461003F1201 /* DEV RELEASE */ = {
			isa = XCBuildConfiguration;
			buildSettings = {
				ALWAYS_SEARCH_USER_PATHS = NO;
				CLANG_ANALYZER_NONNULL = YES;
				CLANG_ANALYZER_NUMBER_OBJECT_CONVERSION = YES_AGGRESSIVE;
				CLANG_CXX_LANGUAGE_STANDARD = "gnu++20";
				CLANG_ENABLE_MODULES = YES;
				CLANG_ENABLE_OBJC_ARC = YES;
				CLANG_ENABLE_OBJC_WEAK = YES;
				CLANG_WARN_BLOCK_CAPTURE_AUTORELEASING = YES;
				CLANG_WARN_BOOL_CONVERSION = YES;
				CLANG_WARN_COMMA = YES;
				CLANG_WARN_CONSTANT_CONVERSION = YES;
				CLANG_WARN_DEPRECATED_OBJC_IMPLEMENTATIONS = YES;
				CLANG_WARN_DIRECT_OBJC_ISA_USAGE = YES_ERROR;
				CLANG_WARN_DOCUMENTATION_COMMENTS = YES;
				CLANG_WARN_EMPTY_BODY = YES;
				CLANG_WARN_ENUM_CONVERSION = YES;
				CLANG_WARN_INFINITE_RECURSION = YES;
				CLANG_WARN_INT_CONVERSION = YES;
				CLANG_WARN_NON_LITERAL_NULL_CONVERSION = YES;
				CLANG_WARN_OBJC_IMPLICIT_RETAIN_SELF = YES;
				CLANG_WARN_OBJC_LITERAL_CONVERSION = YES;
				CLANG_WARN_OBJC_ROOT_CLASS = YES_ERROR;
				CLANG_WARN_QUOTED_INCLUDE_IN_FRAMEWORK_HEADER = YES;
				CLANG_WARN_RANGE_LOOP_ANALYSIS = YES;
				CLANG_WARN_STRICT_PROTOTYPES = YES;
				CLANG_WARN_SUSPICIOUS_MOVE = YES;
				CLANG_WARN_UNGUARDED_AVAILABILITY = YES_AGGRESSIVE;
				CLANG_WARN_UNREACHABLE_CODE = YES;
				CLANG_WARN__DUPLICATE_METHOD_MATCH = YES;
				COPY_PHASE_STRIP = NO;
				DEBUG_INFORMATION_FORMAT = "dwarf-with-dsym";
				ENABLE_NS_ASSERTIONS = NO;
				ENABLE_STRICT_OBJC_MSGSEND = YES;
				GCC_C_LANGUAGE_STANDARD = gnu11;
				GCC_NO_COMMON_BLOCKS = YES;
				GCC_WARN_64_TO_32_BIT_CONVERSION = YES;
				GCC_WARN_ABOUT_RETURN_TYPE = YES_ERROR;
				GCC_WARN_UNDECLARED_SELECTOR = YES;
				GCC_WARN_UNINITIALIZED_AUTOS = YES_AGGRESSIVE;
				GCC_WARN_UNUSED_FUNCTION = YES;
				GCC_WARN_UNUSED_VARIABLE = YES;
				IPHONEOS_DEPLOYMENT_TARGET = 16.2;
				MTL_ENABLE_DEBUG_INFO = NO;
				MTL_FAST_MATH = YES;
				SDKROOT = iphoneos;
				SWIFT_COMPILATION_MODE = wholemodule;
				SWIFT_OPTIMIZATION_LEVEL = "-O";
				VALIDATE_PRODUCT = YES;
			};
			name = "DEV RELEASE";
		};
		B508A7A729805461003F1201 /* DEV RELEASE */ = {
			isa = XCBuildConfiguration;
			buildSettings = {
				ASSETCATALOG_COMPILER_APPICON_NAME = AppIcon;
				ASSETCATALOG_COMPILER_GLOBAL_ACCENT_COLOR_NAME = AccentColor;
				CODE_SIGN_STYLE = Automatic;
				CURRENT_PROJECT_VERSION = 1;
				DEVELOPMENT_ASSET_PATHS = "\"mobileTeamARProj/Preview Content\"";
				DEVELOPMENT_TEAM = 69KX9932N3;
				ENABLE_PREVIEWS = YES;
				GENERATE_INFOPLIST_FILE = YES;
				INFOPLIST_KEY_NSCameraUsageDescription = "";
				INFOPLIST_KEY_UIApplicationSupportsIndirectInputEvents = YES;
				INFOPLIST_KEY_UILaunchScreen_Generation = YES;
				INFOPLIST_KEY_UIRequiredDeviceCapabilities = arkit;
				INFOPLIST_KEY_UIStatusBarHidden = YES;
				INFOPLIST_KEY_UISupportedInterfaceOrientations_iPad = "UIInterfaceOrientationPortrait UIInterfaceOrientationPortraitUpsideDown UIInterfaceOrientationLandscapeLeft UIInterfaceOrientationLandscapeRight";
				INFOPLIST_KEY_UISupportedInterfaceOrientations_iPhone = "UIInterfaceOrientationPortrait UIInterfaceOrientationLandscapeLeft UIInterfaceOrientationLandscapeRight";
				LD_RUNPATH_SEARCH_PATHS = (
					"$(inherited)",
					"@executable_path/Frameworks",
				);
				MARKETING_VERSION = 1.0;
				PRODUCT_BUNDLE_IDENTIFIER = com.MobileTeam.mobileTeamARProj.dev;
				PRODUCT_NAME = "$(TARGET_NAME)";
				SWIFT_ACTIVE_COMPILATION_CONDITIONS = DEV;
				SWIFT_EMIT_LOC_STRINGS = YES;
				SWIFT_VERSION = 5.0;
				TARGETED_DEVICE_FAMILY = "1,2";
			};
			name = "DEV RELEASE";
		};
		B508A7A829805461003F1201 /* DEV RELEASE */ = {
			isa = XCBuildConfiguration;
			buildSettings = {
				ALWAYS_EMBED_SWIFT_STANDARD_LIBRARIES = YES;
				BUNDLE_LOADER = "$(TEST_HOST)";
				CODE_SIGN_STYLE = Automatic;
				CURRENT_PROJECT_VERSION = 1;
				DEVELOPMENT_TEAM = 69KX9932N3;
				GENERATE_INFOPLIST_FILE = YES;
				IPHONEOS_DEPLOYMENT_TARGET = 16.2;
				MARKETING_VERSION = 1.0;
				PRODUCT_BUNDLE_IDENTIFIER = com.MobileTeam.mobileTeamARProjTests;
				PRODUCT_NAME = "$(TARGET_NAME)";
				SWIFT_EMIT_LOC_STRINGS = NO;
				SWIFT_VERSION = 5.0;
				TARGETED_DEVICE_FAMILY = "1,2";
				TEST_HOST = "$(BUILT_PRODUCTS_DIR)/mobileTeamARProj.app/$(BUNDLE_EXECUTABLE_FOLDER_PATH)/mobileTeamARProj";
			};
			name = "DEV RELEASE";
		};
		B508A7A929805461003F1201 /* DEV RELEASE */ = {
			isa = XCBuildConfiguration;
			buildSettings = {
				ALWAYS_EMBED_SWIFT_STANDARD_LIBRARIES = YES;
				CODE_SIGN_STYLE = Automatic;
				CURRENT_PROJECT_VERSION = 1;
				DEVELOPMENT_TEAM = 69KX9932N3;
				GENERATE_INFOPLIST_FILE = YES;
				MARKETING_VERSION = 1.0;
				PRODUCT_BUNDLE_IDENTIFIER = com.MobileTeam.mobileTeamARProjUITests;
				PRODUCT_NAME = "$(TARGET_NAME)";
				SWIFT_EMIT_LOC_STRINGS = NO;
				SWIFT_VERSION = 5.0;
				TARGETED_DEVICE_FAMILY = "1,2";
				TEST_TARGET_NAME = mobileTeamARProj;
			};
			name = "DEV RELEASE";
		};
/* End XCBuildConfiguration section */

/* Begin XCConfigurationList section */
		B508A76E29805057003F1201 /* Build configuration list for PBXProject "mobileTeamARProj" */ = {
			isa = XCConfigurationList;
			buildConfigurations = (
				B508A79729805058003F1201 /* DEBUG */,
				B508A7A229805459003F1201 /* DEV DEBUG */,
				B508A79829805058003F1201 /* RELEASE */,
				B508A7A629805461003F1201 /* DEV RELEASE */,
			);
			defaultConfigurationIsVisible = 0;
			defaultConfigurationName = RELEASE;
		};
		B508A79929805058003F1201 /* Build configuration list for PBXNativeTarget "mobileTeamARProj" */ = {
			isa = XCConfigurationList;
			buildConfigurations = (
				B508A79A29805058003F1201 /* DEBUG */,
				B508A7A329805459003F1201 /* DEV DEBUG */,
				B508A79B29805058003F1201 /* RELEASE */,
				B508A7A729805461003F1201 /* DEV RELEASE */,
			);
			defaultConfigurationIsVisible = 0;
			defaultConfigurationName = RELEASE;
		};
		B508A79C29805058003F1201 /* Build configuration list for PBXNativeTarget "mobileTeamARProjTests" */ = {
			isa = XCConfigurationList;
			buildConfigurations = (
				B508A79D29805058003F1201 /* DEBUG */,
				B508A7A429805459003F1201 /* DEV DEBUG */,
				B508A79E29805058003F1201 /* RELEASE */,
				B508A7A829805461003F1201 /* DEV RELEASE */,
			);
			defaultConfigurationIsVisible = 0;
			defaultConfigurationName = RELEASE;
		};
		B508A79F29805058003F1201 /* Build configuration list for PBXNativeTarget "mobileTeamARProjUITests" */ = {
			isa = XCConfigurationList;
			buildConfigurations = (
				B508A7A029805058003F1201 /* DEBUG */,
				B508A7A529805459003F1201 /* DEV DEBUG */,
				B508A7A129805058003F1201 /* RELEASE */,
				B508A7A929805461003F1201 /* DEV RELEASE */,
			);
			defaultConfigurationIsVisible = 0;
			defaultConfigurationName = RELEASE;
		};
/* End XCConfigurationList section */
	};
	rootObject = B508A76B29805057003F1201 /* Project object */;
}
